
Microsoft Visual Studio Solution File, Format Version 12.00
# Visual Studio Version 17
VisualStudioVersion = 17.9.34616.47
MinimumVisualStudioVersion = 10.0.40219.1
Project("{FAE04EC0-301F-11D3-BF4B-00C04F79EFBC}") = "modul8_1302223043", "modul8_1302223043\modul8_1302223043.csproj", "{11196D49-F1AE-4E80-9797-087D70C7E37B}"
EndProject
Global
	GlobalSection(SolutionConfigurationPlatforms) = preSolution
		Debug|Any CPU = Debug|Any CPU
		Release|Any CPU = Release|Any CPU
	EndGlobalSection
	GlobalSection(ProjectConfigurationPlatforms) = postSolution
		{11196D49-F1AE-4E80-9797-087D70C7E37B}.Debug|Any CPU.ActiveCfg = Debug|Any CPU
		{11196D49-F1AE-4E80-9797-087D70C7E37B}.Debug|Any CPU.Build.0 = Debug|Any CPU
		{11196D49-F1AE-4E80-9797-087D70C7E37B}.Release|Any CPU.ActiveCfg = Release|Any CPU
		{11196D49-F1AE-4E80-9797-087D70C7E37B}.Release|Any CPU.Build.0 = Release|Any CPU
	EndGlobalSection
	GlobalSection(SolutionProperties) = preSolution
		HideSolutionNode = FALSE
	EndGlobalSection
	GlobalSection(ExtensibilityGlobals) = postSolution
		SolutionGuid = {9D9B5AF5-9769-4F3F-9A7F-0019E8672AB7}
	EndGlobalSection
EndGlobal
